
Microsoft Visual Studio Solution File, Format Version 12.00
# Visual Studio Version 17
VisualStudioVersion = 17.3.32929.385
MinimumVisualStudioVersion = 10.0.40219.1
Project("{FAE04EC0-301F-11D3-BF4B-00C04F79EFBC}") = "IceCreamsShopping", "IceCreamsShopping.csproj", "{4A765C5D-A529-43B3-8534-7D936A470379}"
EndProject
Global
	GlobalSection(SolutionConfigurationPlatforms) = preSolution
		Debug|Any CPU = Debug|Any CPU
		Release|Any CPU = Release|Any CPU
	EndGlobalSection
	GlobalSection(ProjectConfigurationPlatforms) = postSolution
		{4A765C5D-A529-43B3-8534-7D936A470379}.Debug|Any CPU.ActiveCfg = Debug|Any CPU
		{4A765C5D-A529-43B3-8534-7D936A470379}.Debug|Any CPU.Build.0 = Debug|Any CPU
		{4A765C5D-A529-43B3-8534-7D936A470379}.Release|Any CPU.ActiveCfg = Release|Any CPU
		{4A765C5D-A529-43B3-8534-7D936A470379}.Release|Any CPU.Build.0 = Release|Any CPU
	EndGlobalSection
	GlobalSection(SolutionProperties) = preSolution
		HideSolutionNode = FALSE
	EndGlobalSection
	GlobalSection(ExtensibilityGlobals) = postSolution
		SolutionGuid = {A5B8B6D2-4A96-48FC-BCDD-F245118D32F5}
	EndGlobalSection
EndGlobal
